{
  "name": "rollup-experiments",
  "version": "1.0.0",
  "lockfileVersion": 2,
  "requires": true,
  "packages": {
    "": {
      "name": "rollup-experiments",
      "version": "1.0.0",
      "license": "ISC",
      "dependencies": {
        "@rollup/plugin-image": "^2.1.1",
        "@rollup/plugin-json": "^4.1.0",
        "@rollup/plugin-replace": "^3.0.0",
        "@rollup/plugin-strip": "^2.1.0",
        "rollup-plugin-cleanup": "^3.2.1"
      },
      "devDependencies": {
        "http-server": "^14.0.0"
      }
    },
    "node_modules/@rollup/plugin-image": {
      "version": "2.1.1",
      "resolved": "https://registry.npmjs.org/@rollup/plugin-image/-/plugin-image-2.1.1.tgz",
      "integrity": "sha512-AgP4U85zuQJdUopLUCM+hTf45RepgXeTb8EJsleExVy99dIoYpt3ZlDYJdKmAc2KLkNntCDg6BPJvgJU3uGF+g==",
      "dependencies": {
        "@rollup/pluginutils": "^3.1.0",
        "mini-svg-data-uri": "^1.2.3"
      },
      "engines": {
        "node": ">= 8.0.0"
      },
      "peerDependencies": {
        "rollup": "^1.20.0 || ^2.0.0"
      }
    },
    "node_modules/@rollup/plugin-inject": {
      "version": "4.0.3",
      "resolved": "https://registry.npmjs.org/@rollup/plugin-inject/-/plugin-inject-4.0.3.tgz",
      "integrity": "sha512-lzMXmj0LZjd67MI+M8H9dk/oCxR0TYqYAdZ6ZOejWQLSUtud+FUPu4NCMAO8KyWWAalFo8ean7yFHCMvCNsCZw==",
      "dependencies": {
        "@rollup/pluginutils": "^3.1.0",
        "estree-walker": "^2.0.1",
        "magic-string": "^0.25.7"
      },
      "peerDependencies": {
        "rollup": "^1.20.0 || ^2.0.0"
      }
    },
    "node_modules/@rollup/plugin-json": {
      "version": "4.1.0",
      "resolved": "https://registry.npmjs.org/@rollup/plugin-json/-/plugin-json-4.1.0.tgz",
      "integrity": "sha512-yfLbTdNS6amI/2OpmbiBoW12vngr5NW2jCJVZSBEz+H5KfUJZ2M7sDjk0U6GOOdCWFVScShte29o9NezJ53TPw==",
      "dependencies": {
        "@rollup/pluginutils": "^3.0.8"
      },
      "peerDependencies": {
        "rollup": "^1.20.0 || ^2.0.0"
      }
    },
    "node_modules/@rollup/plugin-replace": {
      "version": "3.0.0",
      "resolved": "https://registry.npmjs.org/@rollup/plugin-replace/-/plugin-replace-3.0.0.tgz",
      "integrity": "sha512-3c7JCbMuYXM4PbPWT4+m/4Y6U60SgsnDT/cCyAyUKwFHg7pTSfsSQzIpETha3a3ig6OdOKzZz87D9ZXIK3qsDg==",
      "dependencies": {
        "@rollup/pluginutils": "^3.1.0",
        "magic-string": "^0.25.7"
      },
      "peerDependencies": {
        "rollup": "^1.20.0 || ^2.0.0"
      }
    },
    "node_modules/@rollup/plugin-strip": {
      "version": "2.1.0",
      "resolved": "https://registry.npmjs.org/@rollup/plugin-strip/-/plugin-strip-2.1.0.tgz",
      "integrity": "sha512-OKlIlXMFlH4nVxq0beNSIKVw0LkpNUpVjjvfzH5OAOAR5dhLZgLZBzwYX4ifIAs18YDrreMcZH4xnKmW9fI2AQ==",
      "dependencies": {
        "@rollup/pluginutils": "^3.1.0",
        "estree-walker": "^2.0.1",
        "magic-string": "^0.25.7"
      },
      "peerDependencies": {
        "rollup": "^1.20.0 || ^2.0.0"
      }
    },
    "node_modules/@rollup/pluginutils": {
      "version": "3.1.0",
      "resolved": "https://registry.npmjs.org/@rollup/pluginutils/-/pluginutils-3.1.0.tgz",
      "integrity": "sha512-GksZ6pr6TpIjHm8h9lSQ8pi8BE9VeubNT0OMJ3B5uZJ8pz73NPiqOtCog/x2/QzM1ENChPKxMDhiQuRHsqc+lg==",
      "dependencies": {
        "@types/estree": "0.0.39",
        "estree-walker": "^1.0.1",
        "picomatch": "^2.2.2"
      },
      "engines": {
        "node": ">= 8.0.0"
      },
      "peerDependencies": {
        "rollup": "^1.20.0||^2.0.0"
      }
    },
    "node_modules/@rollup/pluginutils/node_modules/estree-walker": {
      "version": "1.0.1",
      "resolved": "https://registry.npmjs.org/estree-walker/-/estree-walker-1.0.1.tgz",
      "integrity": "sha512-1fMXF3YP4pZZVozF8j/ZLfvnR8NSIljt56UhbZ5PeeDmmGHpgpdwQt7ITlGvYaQukCvuBRMLEiKiYC+oeIg4cg=="
    },
    "node_modules/@types/estree": {
      "version": "0.0.39",
      "resolved": "https://registry.npmjs.org/@types/estree/-/estree-0.0.39.tgz",
      "integrity": "sha512-EYNwp3bU+98cpU4lAWYYL7Zz+2gryWH1qbdDTidVd6hkiR6weksdbMadyXKXNPEkQFhXM+hVO9ZygomHXp+AIw=="
    },
    "node_modules/async": {
      "version": "2.6.3",
      "resolved": "https://registry.npmjs.org/async/-/async-2.6.3.tgz",
      "integrity": "sha512-zflvls11DCy+dQWzTW2dzuilv8Z5X/pjfmZOWba6TNIVDm+2UDaJmXSOXlasHKfNBs8oo3M0aT50fDEWfKZjXg==",
      "dev": true,
      "dependencies": {
        "lodash": "^4.17.14"
      }
    },
    "node_modules/basic-auth": {
      "version": "2.0.1",
      "resolved": "https://registry.npmjs.org/basic-auth/-/basic-auth-2.0.1.tgz",
      "integrity": "sha512-NF+epuEdnUYVlGuhaxbbq+dvJttwLnGY+YixlXlME5KpQ5W3CnXA5cVTneY3SPbPDRkcjMbifrwmFYcClgOZeg==",
      "dev": true,
      "dependencies": {
        "safe-buffer": "5.1.2"
      },
      "engines": {
        "node": ">= 0.8"
      }
    },
    "node_modules/call-bind": {
      "version": "1.0.2",
      "resolved": "https://registry.npmjs.org/call-bind/-/call-bind-1.0.2.tgz",
      "integrity": "sha512-7O+FbCihrB5WGbFYesctwmTKae6rOiIzmz1icreWJ+0aA7LJfuqhEso2T9ncpcFtzMQtzXf2QGGueWJGTYsqrA==",
      "dev": true,
      "dependencies": {
        "function-bind": "^1.1.1",
        "get-intrinsic": "^1.0.2"
      },
      "funding": {
        "url": "https://github.com/sponsors/ljharb"
      }
    },
    "node_modules/colors": {
      "version": "1.4.0",
      "resolved": "https://registry.npmjs.org/colors/-/colors-1.4.0.tgz",
      "integrity": "sha512-a+UqTh4kgZg/SlGvfbzDHpgRu7AAQOmmqRHJnxhRZICKFUT91brVhNNt58CMWU9PsBbv3PDCZUHbVxuDiH2mtA==",
      "dev": true,
      "engines": {
        "node": ">=0.1.90"
      }
    },
    "node_modules/corser": {
      "version": "2.0.1",
      "resolved": "https://registry.npmjs.org/corser/-/corser-2.0.1.tgz",
      "integrity": "sha1-jtolLsqrWEDc2XXOuQ2TcMgZ/4c=",
      "dev": true,
      "engines": {
        "node": ">= 0.4.0"
      }
    },
    "node_modules/debug": {
      "version": "3.2.7",
      "resolved": "https://registry.npmjs.org/debug/-/debug-3.2.7.tgz",
      "integrity": "sha512-CFjzYYAi4ThfiQvizrFQevTTXHtnCqWfe7x1AhgEscTz6ZbLbfoLRLPugTQyBth6f8ZERVUSyWHFD/7Wu4t1XQ==",
      "dev": true,
      "dependencies": {
        "ms": "^2.1.1"
      }
    },
    "node_modules/estree-walker": {
      "version": "2.0.2",
      "resolved": "https://registry.npmjs.org/estree-walker/-/estree-walker-2.0.2.tgz",
      "integrity": "sha512-Rfkk/Mp/DL7JVje3u18FxFujQlTNR2q6QfMSMB7AvCBx91NGj/ba3kCfza0f6dVDbw7YlRf/nDrn7pQrCCyQ/w=="
    },
    "node_modules/eventemitter3": {
      "version": "4.0.7",
      "resolved": "https://registry.npmjs.org/eventemitter3/-/eventemitter3-4.0.7.tgz",
      "integrity": "sha512-8guHBZCwKnFhYdHr2ysuRWErTwhoN2X8XELRlrRwpmfeY2jjuUN4taQMsULKUVo1K4DvZl+0pgfyoysHxvmvEw==",
      "dev": true
    },
    "node_modules/follow-redirects": {
      "version": "1.14.6",
      "resolved": "https://registry.npmjs.org/follow-redirects/-/follow-redirects-1.14.6.tgz",
      "integrity": "sha512-fhUl5EwSJbbl8AR+uYL2KQDxLkdSjZGR36xy46AO7cOMTrCMON6Sa28FmAnC2tRTDbd/Uuzz3aJBv7EBN7JH8A==",
      "dev": true,
      "funding": [
        {
          "type": "individual",
          "url": "https://github.com/sponsors/RubenVerborgh"
        }
      ],
      "engines": {
        "node": ">=4.0"
      },
      "peerDependenciesMeta": {
        "debug": {
          "optional": true
        }
      }
    },
    "node_modules/fsevents": {
      "version": "2.3.2",
      "resolved": "https://registry.npmjs.org/fsevents/-/fsevents-2.3.2.tgz",
      "integrity": "sha512-xiqMQR4xAeHTuB9uWm+fFRcIOgKBMiOBP+eXiyT7jsgVCq1bkVygt00oASowB7EdtpOHaaPgKt812P9ab+DDKA==",
      "hasInstallScript": true,
      "optional": true,
      "os": [
        "darwin"
      ],
      "peer": true,
      "engines": {
        "node": "^8.16.0 || ^10.6.0 || >=11.0.0"
      }
    },
    "node_modules/function-bind": {
      "version": "1.1.1",
      "resolved": "https://registry.npmjs.org/function-bind/-/function-bind-1.1.1.tgz",
      "integrity": "sha512-yIovAzMX49sF8Yl58fSCWJ5svSLuaibPxXQJFLmBObTuCr0Mf1KiPopGM9NiFjiYBCbfaa2Fh6breQ6ANVTI0A==",
      "dev": true
    },
    "node_modules/get-intrinsic": {
      "version": "1.1.1",
      "resolved": "https://registry.npmjs.org/get-intrinsic/-/get-intrinsic-1.1.1.tgz",
      "integrity": "sha512-kWZrnVM42QCiEA2Ig1bG8zjoIMOgxWwYCEeNdwY6Tv/cOSeGpcoX4pXHfKUxNKVoArnrEr2e9srnAxxGIraS9Q==",
      "dev": true,
      "dependencies": {
        "function-bind": "^1.1.1",
        "has": "^1.0.3",
        "has-symbols": "^1.0.1"
      },
      "funding": {
        "url": "https://github.com/sponsors/ljharb"
      }
    },
    "node_modules/has": {
      "version": "1.0.3",
      "resolved": "https://registry.npmjs.org/has/-/has-1.0.3.tgz",
      "integrity": "sha512-f2dvO0VU6Oej7RkWJGrehjbzMAjFp5/VKPp5tTpWIV4JHHZK1/BxbFRtf/siA2SWTe09caDmVtYYzWEIbBS4zw==",
      "dev": true,
      "dependencies": {
        "function-bind": "^1.1.1"
      },
      "engines": {
        "node": ">= 0.4.0"
      }
    },
    "node_modules/has-symbols": {
      "version": "1.0.2",
      "resolved": "https://registry.npmjs.org/has-symbols/-/has-symbols-1.0.2.tgz",
      "integrity": "sha512-chXa79rL/UC2KlX17jo3vRGz0azaWEx5tGqZg5pO3NUyEJVB17dMruQlzCCOfUvElghKcm5194+BCRvi2Rv/Gw==",
      "dev": true,
      "engines": {
        "node": ">= 0.4"
      },
      "funding": {
        "url": "https://github.com/sponsors/ljharb"
      }
    },
    "node_modules/he": {
      "version": "1.2.0",
      "resolved": "https://registry.npmjs.org/he/-/he-1.2.0.tgz",
      "integrity": "sha512-F/1DnUGPopORZi0ni+CvrCgHQ5FyEAHRLSApuYWMmrbSwoN2Mn/7k+Gl38gJnR7yyDZk6WLXwiGod1JOWNDKGw==",
      "dev": true,
      "bin": {
        "he": "bin/he"
      }
    },
    "node_modules/html-encoding-sniffer": {
      "version": "3.0.0",
      "resolved": "https://registry.npmjs.org/html-encoding-sniffer/-/html-encoding-sniffer-3.0.0.tgz",
      "integrity": "sha512-oWv4T4yJ52iKrufjnyZPkrN0CH3QnrUqdB6In1g5Fe1mia8GmF36gnfNySxoZtxD5+NmYw1EElVXiBk93UeskA==",
      "dev": true,
      "dependencies": {
        "whatwg-encoding": "^2.0.0"
      },
      "engines": {
        "node": ">=12"
      }
    },
    "node_modules/http-proxy": {
      "version": "1.18.1",
      "resolved": "https://registry.npmjs.org/http-proxy/-/http-proxy-1.18.1.tgz",
      "integrity": "sha512-7mz/721AbnJwIVbnaSv1Cz3Am0ZLT/UBwkC92VlxhXv/k/BBQfM2fXElQNC27BVGr0uwUpplYPQM9LnaBMR5NQ==",
      "dev": true,
      "dependencies": {
        "eventemitter3": "^4.0.0",
        "follow-redirects": "^1.0.0",
        "requires-port": "^1.0.0"
      },
      "engines": {
        "node": ">=8.0.0"
      }
    },
    "node_modules/http-server": {
      "version": "14.0.0",
      "resolved": "https://registry.npmjs.org/http-server/-/http-server-14.0.0.tgz",
      "integrity": "sha512-XTePIXAo5x72bI8SlKFSqsg7UuSHwsOa4+RJIe56YeMUvfTvGDy7TxFkTEhfIRmM/Dnf6x29ut541ythSBZdkQ==",
      "dev": true,
      "dependencies": {
        "basic-auth": "^2.0.1",
        "colors": "^1.4.0",
        "corser": "^2.0.1",
        "he": "^1.2.0",
        "html-encoding-sniffer": "^3.0.0",
        "http-proxy": "^1.18.1",
        "mime": "^1.6.0",
        "minimist": "^1.2.5",
        "opener": "^1.5.1",
        "portfinder": "^1.0.28",
        "secure-compare": "3.0.1",
        "union": "~0.5.0",
        "url-join": "^4.0.1"
      },
      "bin": {
        "http-server": "bin/http-server"
      },
      "engines": {
        "node": ">=12"
      }
    },
    "node_modules/iconv-lite": {
      "version": "0.6.3",
      "resolved": "https://registry.npmjs.org/iconv-lite/-/iconv-lite-0.6.3.tgz",
      "integrity": "sha512-4fCk79wshMdzMp2rH06qWrJE4iolqLhCUH+OiuIgU++RB0+94NlDL81atO7GX55uUKueo0txHNtvEyI6D7WdMw==",
      "dev": true,
      "dependencies": {
        "safer-buffer": ">= 2.1.2 < 3.0.0"
      },
      "engines": {
        "node": ">=0.10.0"
      }
    },
    "node_modules/js-cleanup": {
      "version": "1.2.0",
      "resolved": "https://registry.npmjs.org/js-cleanup/-/js-cleanup-1.2.0.tgz",
      "integrity": "sha512-JeDD0yiiSt80fXzAVa/crrS0JDPQljyBG/RpOtaSbyDq03VHa9szJWMaWOYU/bcTn412uMN2MxApXq8v79cUiQ==",
      "dependencies": {
        "magic-string": "^0.25.7",
        "perf-regexes": "^1.0.1",
        "skip-regex": "^1.0.2"
      },
      "engines": {
        "node": "^10.14.2 || >=12.0.0"
      }
    },
    "node_modules/lodash": {
      "version": "4.17.21",
      "resolved": "https://registry.npmjs.org/lodash/-/lodash-4.17.21.tgz",
      "integrity": "sha512-v2kDEe57lecTulaDIuNTPy3Ry4gLGJ6Z1O3vE1krgXZNrsQ+LFTGHVxVjcXPs17LhbZVGedAJv8XZ1tvj5FvSg==",
      "dev": true
    },
    "node_modules/magic-string": {
      "version": "0.25.7",
      "resolved": "https://registry.npmjs.org/magic-string/-/magic-string-0.25.7.tgz",
      "integrity": "sha512-4CrMT5DOHTDk4HYDlzmwu4FVCcIYI8gauveasrdCu2IKIFOJ3f0v/8MDGJCDL9oD2ppz/Av1b0Nj345H9M+XIA==",
      "dependencies": {
        "sourcemap-codec": "^1.4.4"
      }
    },
    "node_modules/mime": {
      "version": "1.6.0",
      "resolved": "https://registry.npmjs.org/mime/-/mime-1.6.0.tgz",
      "integrity": "sha512-x0Vn8spI+wuJ1O6S7gnbaQg8Pxh4NNHb7KSINmEWKiPE4RKOplvijn+NkmYmmRgP68mc70j2EbeTFRsrswaQeg==",
      "dev": true,
      "bin": {
        "mime": "cli.js"
      },
      "engines": {
        "node": ">=4"
      }
    },
    "node_modules/mini-svg-data-uri": {
      "version": "1.4.3",
      "resolved": "https://registry.npmjs.org/mini-svg-data-uri/-/mini-svg-data-uri-1.4.3.tgz",
      "integrity": "sha512-gSfqpMRC8IxghvMcxzzmMnWpXAChSA+vy4cia33RgerMS8Fex95akUyQZPbxJJmeBGiGmK7n/1OpUX8ksRjIdA==",
      "bin": {
        "mini-svg-data-uri": "cli.js"
      }
    },
    "node_modules/minimist": {
      "version": "1.2.5",
      "resolved": "https://registry.npmjs.org/minimist/-/minimist-1.2.5.tgz",
      "integrity": "sha512-FM9nNUYrRBAELZQT3xeZQ7fmMOBg6nWNmJKTcgsJeaLstP/UODVpGsr5OhXhhXg6f+qtJ8uiZ+PUxkDWcgIXLw==",
      "dev": true
    },
    "node_modules/mkdirp": {
      "version": "0.5.5",
      "resolved": "https://registry.npmjs.org/mkdirp/-/mkdirp-0.5.5.tgz",
      "integrity": "sha512-NKmAlESf6jMGym1++R0Ra7wvhV+wFW63FaSOFPwRahvea0gMUcGUhVeAg/0BC0wiv9ih5NYPB1Wn1UEI1/L+xQ==",
      "dev": true,
      "dependencies": {
        "minimist": "^1.2.5"
      },
      "bin": {
        "mkdirp": "bin/cmd.js"
      }
    },
    "node_modules/ms": {
      "version": "2.1.3",
      "resolved": "https://registry.npmjs.org/ms/-/ms-2.1.3.tgz",
      "integrity": "sha512-6FlzubTLZG3J2a/NVCAleEhjzq5oxgHyaCU9yYXvcLsvoVaHJq/s5xXI6/XXP6tz7R9xAOtHnSO/tXtF3WRTlA==",
      "dev": true
    },
    "node_modules/object-inspect": {
      "version": "1.11.1",
      "resolved": "https://registry.npmjs.org/object-inspect/-/object-inspect-1.11.1.tgz",
      "integrity": "sha512-If7BjFlpkzzBeV1cqgT3OSWT3azyoxDGajR+iGnFBfVV2EWyDyWaZZW2ERDjUaY2QM8i5jI3Sj7mhsM4DDAqWA==",
      "dev": true,
      "funding": {
        "url": "https://github.com/sponsors/ljharb"
      }
    },
    "node_modules/opener": {
      "version": "1.5.2",
      "resolved": "https://registry.npmjs.org/opener/-/opener-1.5.2.tgz",
      "integrity": "sha512-ur5UIdyw5Y7yEj9wLzhqXiy6GZ3Mwx0yGI+5sMn2r0N0v3cKJvUmFH5yPP+WXh9e0xfyzyJX95D8l088DNFj7A==",
      "dev": true,
      "bin": {
        "opener": "bin/opener-bin.js"
      }
    },
    "node_modules/perf-regexes": {
      "version": "1.0.1",
      "resolved": "https://registry.npmjs.org/perf-regexes/-/perf-regexes-1.0.1.tgz",
      "integrity": "sha512-L7MXxUDtqr4PUaLFCDCXBfGV/6KLIuSEccizDI7JxT+c9x1G1v04BQ4+4oag84SHaCdrBgQAIs/Cqn+flwFPng==",
      "engines": {
        "node": ">=6.14"
      }
    },
    "node_modules/picomatch": {
      "version": "2.3.0",
      "resolved": "https://registry.npmjs.org/picomatch/-/picomatch-2.3.0.tgz",
      "integrity": "sha512-lY1Q/PiJGC2zOv/z391WOTD+Z02bCgsFfvxoXXf6h7kv9o+WmsmzYqrAwY63sNgOxE4xEdq0WyUnXfKeBrSvYw==",
      "engines": {
        "node": ">=8.6"
      },
      "funding": {
        "url": "https://github.com/sponsors/jonschlinkert"
      }
    },
    "node_modules/portfinder": {
      "version": "1.0.28",
      "resolved": "https://registry.npmjs.org/portfinder/-/portfinder-1.0.28.tgz",
      "integrity": "sha512-Se+2isanIcEqf2XMHjyUKskczxbPH7dQnlMjXX6+dybayyHvAf/TCgyMRlzf/B6QDhAEFOGes0pzRo3by4AbMA==",
      "dev": true,
      "dependencies": {
        "async": "^2.6.2",
        "debug": "^3.1.1",
        "mkdirp": "^0.5.5"
      },
      "engines": {
        "node": ">= 0.12.0"
      }
    },
    "node_modules/qs": {
      "version": "6.10.2",
      "resolved": "https://registry.npmjs.org/qs/-/qs-6.10.2.tgz",
      "integrity": "sha512-mSIdjzqznWgfd4pMii7sHtaYF8rx8861hBO80SraY5GT0XQibWZWJSid0avzHGkDIZLImux2S5mXO0Hfct2QCw==",
      "dev": true,
      "dependencies": {
        "side-channel": "^1.0.4"
      },
      "engines": {
        "node": ">=0.6"
      },
      "funding": {
        "url": "https://github.com/sponsors/ljharb"
      }
    },
    "node_modules/requires-port": {
      "version": "1.0.0",
      "resolved": "https://registry.npmjs.org/requires-port/-/requires-port-1.0.0.tgz",
      "integrity": "sha1-kl0mAdOaxIXgkc8NpcbmlNw9yv8=",
      "dev": true
    },
    "node_modules/rollup": {
      "version": "2.61.1",
      "resolved": "https://registry.npmjs.org/rollup/-/rollup-2.61.1.tgz",
      "integrity": "sha512-BbTXlEvB8d+XFbK/7E5doIcRtxWPRiqr0eb5vQ0+2paMM04Ye4PZY5nHOQef2ix24l/L0SpLd5hwcH15QHPdvA==",
      "peer": true,
      "bin": {
        "rollup": "dist/bin/rollup"
      },
      "engines": {
        "node": ">=10.0.0"
      },
      "optionalDependencies": {
        "fsevents": "~2.3.2"
      }
    },
    "node_modules/rollup-plugin-cleanup": {
      "version": "3.2.1",
      "resolved": "https://registry.npmjs.org/rollup-plugin-cleanup/-/rollup-plugin-cleanup-3.2.1.tgz",
      "integrity": "sha512-zuv8EhoO3TpnrU8MX8W7YxSbO4gmOR0ny06Lm3nkFfq0IVKdBUtHwhVzY1OAJyNCIAdLiyPnOrU0KnO0Fri1GQ==",
      "dependencies": {
        "js-cleanup": "^1.2.0",
        "rollup-pluginutils": "^2.8.2"
      },
      "engines": {
        "node": "^10.14.2 || >=12.0.0"
      },
      "peerDependencies": {
        "rollup": ">=2.0"
      }
    },
    "node_modules/rollup-pluginutils": {
      "version": "2.8.2",
      "resolved": "https://registry.npmjs.org/rollup-pluginutils/-/rollup-pluginutils-2.8.2.tgz",
      "integrity": "sha512-EEp9NhnUkwY8aif6bxgovPHMoMoNr2FulJziTndpt5H9RdwC47GSGuII9XxpSdzVGM0GWrNPHV6ie1LTNJPaLQ==",
      "dependencies": {
        "estree-walker": "^0.6.1"
      }
    },
    "node_modules/rollup-pluginutils/node_modules/estree-walker": {
      "version": "0.6.1",
      "resolved": "https://registry.npmjs.org/estree-walker/-/estree-walker-0.6.1.tgz",
      "integrity": "sha512-SqmZANLWS0mnatqbSfRP5g8OXZC12Fgg1IwNtLsyHDzJizORW4khDfjPqJZsemPWBB2uqykUah5YpQ6epsqC/w=="
    },
    "node_modules/safe-buffer": {
      "version": "5.1.2",
      "resolved": "https://registry.npmjs.org/safe-buffer/-/safe-buffer-5.1.2.tgz",
      "integrity": "sha512-Gd2UZBJDkXlY7GbJxfsE8/nvKkUEU1G38c1siN6QP6a9PT9MmHB8GnpscSmMJSoF8LOIrt8ud/wPtojys4G6+g==",
      "dev": true
    },
    "node_modules/safer-buffer": {
      "version": "2.1.2",
      "resolved": "https://registry.npmjs.org/safer-buffer/-/safer-buffer-2.1.2.tgz",
      "integrity": "sha512-YZo3K82SD7Riyi0E1EQPojLz7kpepnSQI9IyPbHHg1XXXevb5dJI7tpyN2ADxGcQbHG7vcyRHk0cbwqcQriUtg==",
      "dev": true
    },
    "node_modules/secure-compare": {
      "version": "3.0.1",
      "resolved": "https://registry.npmjs.org/secure-compare/-/secure-compare-3.0.1.tgz",
      "integrity": "sha1-8aAymzCLIh+uN7mXTz1XjQypmeM=",
      "dev": true
    },
    "node_modules/side-channel": {
      "version": "1.0.4",
      "resolved": "https://registry.npmjs.org/side-channel/-/side-channel-1.0.4.tgz",
      "integrity": "sha512-q5XPytqFEIKHkGdiMIrY10mvLRvnQh42/+GoBlFW3b2LXLE2xxJpZFdm94we0BaoV3RwJyGqg5wS7epxTv0Zvw==",
      "dev": true,
      "dependencies": {
        "call-bind": "^1.0.0",
        "get-intrinsic": "^1.0.2",
        "object-inspect": "^1.9.0"
      },
      "funding": {
        "url": "https://github.com/sponsors/ljharb"
      }
    },
    "node_modules/skip-regex": {
      "version": "1.0.2",
      "resolved": "https://registry.npmjs.org/skip-regex/-/skip-regex-1.0.2.tgz",
      "integrity": "sha512-pEjMUbwJ5Pl/6Vn6FsamXHXItJXSRftcibixDmNCWbWhic0hzHrwkMZo0IZ7fMRH9KxcWDFSkzhccB4285PutA==",
      "engines": {
        "node": ">=4.2"
      }
    },
    "node_modules/sourcemap-codec": {
      "version": "1.4.8",
      "resolved": "https://registry.npmjs.org/sourcemap-codec/-/sourcemap-codec-1.4.8.tgz",
      "integrity": "sha512-9NykojV5Uih4lgo5So5dtw+f0JgJX30KCNI8gwhz2J9A15wD0Ml6tjHKwf6fTSa6fAdVBdZeNOs9eJ71qCk8vA=="
    },
    "node_modules/union": {
      "version": "0.5.0",
      "resolved": "https://registry.npmjs.org/union/-/union-0.5.0.tgz",
      "integrity": "sha512-N6uOhuW6zO95P3Mel2I2zMsbsanvvtgn6jVqJv4vbVcz/JN0OkL9suomjQGmWtxJQXOCqUJvquc1sMeNz/IwlA==",
      "dev": true,
      "dependencies": {
        "qs": "^6.4.0"
      },
      "engines": {
        "node": ">= 0.8.0"
      }
    },
    "node_modules/url-join": {
      "version": "4.0.1",
      "resolved": "https://registry.npmjs.org/url-join/-/url-join-4.0.1.tgz",
      "integrity": "sha512-jk1+QP6ZJqyOiuEI9AEWQfju/nB2Pw466kbA0LEZljHwKeMgd9WrAEgEGxjPDD2+TNbbb37rTyhEfrCXfuKXnA==",
      "dev": true
    },
    "node_modules/whatwg-encoding": {
      "version": "2.0.0",
      "resolved": "https://registry.npmjs.org/whatwg-encoding/-/whatwg-encoding-2.0.0.tgz",
      "integrity": "sha512-p41ogyeMUrw3jWclHWTQg1k05DSVXPLcVxRTYsXUk+ZooOCZLcoYgPZ/HL/D/N+uQPOtcp1me1WhBEaX02mhWg==",
      "dev": true,
      "dependencies": {
        "iconv-lite": "0.6.3"
      },
      "engines": {
        "node": ">=12"
      }
    }
  },
  "dependencies": {
    "@rollup/plugin-image": {
      "version": "2.1.1",
      "resolved": "https://registry.npmjs.org/@rollup/plugin-image/-/plugin-image-2.1.1.tgz",
      "integrity": "sha512-AgP4U85zuQJdUopLUCM+hTf45RepgXeTb8EJsleExVy99dIoYpt3ZlDYJdKmAc2KLkNntCDg6BPJvgJU3uGF+g==",
      "requires": {
        "@rollup/pluginutils": "^3.1.0",
        "mini-svg-data-uri": "^1.2.3"
      }
    },
    "@rollup/plugin-inject": {
      "version": "https://registry.npmjs.org/@rollup/plugin-inject/-/plugin-inject-4.0.3.tgz",
      "integrity": "sha512-lzMXmj0LZjd67MI+M8H9dk/oCxR0TYqYAdZ6ZOejWQLSUtud+FUPu4NCMAO8KyWWAalFo8ean7yFHCMvCNsCZw==",
      "requires": {
        "@rollup/pluginutils": "^3.1.0",
        "estree-walker": "^2.0.1",
        "magic-string": "^0.25.7"
      }
    },
    "@rollup/plugin-json": {
      "version": "4.1.0",
      "resolved": "https://registry.npmjs.org/@rollup/plugin-json/-/plugin-json-4.1.0.tgz",
      "integrity": "sha512-yfLbTdNS6amI/2OpmbiBoW12vngr5NW2jCJVZSBEz+H5KfUJZ2M7sDjk0U6GOOdCWFVScShte29o9NezJ53TPw==",
      "requires": {
        "@rollup/pluginutils": "^3.0.8"
      }
    },
    "@rollup/plugin-replace": {
      "version": "3.0.0",
      "resolved": "https://registry.npmjs.org/@rollup/plugin-replace/-/plugin-replace-3.0.0.tgz",
      "integrity": "sha512-3c7JCbMuYXM4PbPWT4+m/4Y6U60SgsnDT/cCyAyUKwFHg7pTSfsSQzIpETha3a3ig6OdOKzZz87D9ZXIK3qsDg==",
      "requires": {
        "@rollup/pluginutils": "^3.1.0",
        "magic-string": "^0.25.7"
      }
    },
    "@rollup/plugin-strip": {
      "version": "2.1.0",
      "resolved": "https://registry.npmjs.org/@rollup/plugin-strip/-/plugin-strip-2.1.0.tgz",
      "integrity": "sha512-OKlIlXMFlH4nVxq0beNSIKVw0LkpNUpVjjvfzH5OAOAR5dhLZgLZBzwYX4ifIAs18YDrreMcZH4xnKmW9fI2AQ==",
      "requires": {
        "@rollup/pluginutils": "^3.1.0",
        "estree-walker": "^2.0.1",
        "magic-string": "^0.25.7"
      }
    },
    "@rollup/pluginutils": {
      "version": "3.1.0",
      "resolved": "https://registry.npmjs.org/@rollup/pluginutils/-/pluginutils-3.1.0.tgz",
      "integrity": "sha512-GksZ6pr6TpIjHm8h9lSQ8pi8BE9VeubNT0OMJ3B5uZJ8pz73NPiqOtCog/x2/QzM1ENChPKxMDhiQuRHsqc+lg==",
      "requires": {
        "@types/estree": "0.0.39",
        "estree-walker": "^1.0.1",
        "picomatch": "^2.2.2"
      },
      "dependencies": {
        "estree-walker": {
          "version": "1.0.1",
          "resolved": "https://registry.npmjs.org/estree-walker/-/estree-walker-1.0.1.tgz",
          "integrity": "sha512-1fMXF3YP4pZZVozF8j/ZLfvnR8NSIljt56UhbZ5PeeDmmGHpgpdwQt7ITlGvYaQukCvuBRMLEiKiYC+oeIg4cg=="
        }
      }
    },
    "@types/estree": {
      "version": "0.0.39",
      "resolved": "https://registry.npmjs.org/@types/estree/-/estree-0.0.39.tgz",
      "integrity": "sha512-EYNwp3bU+98cpU4lAWYYL7Zz+2gryWH1qbdDTidVd6hkiR6weksdbMadyXKXNPEkQFhXM+hVO9ZygomHXp+AIw=="
    },
    "async": {
      "version": "2.6.3",
      "resolved": "https://registry.npmjs.org/async/-/async-2.6.3.tgz",
      "integrity": "sha512-zflvls11DCy+dQWzTW2dzuilv8Z5X/pjfmZOWba6TNIVDm+2UDaJmXSOXlasHKfNBs8oo3M0aT50fDEWfKZjXg==",
      "dev": true,
      "requires": {
        "lodash": "^4.17.14"
      }
    },
    "basic-auth": {
      "version": "2.0.1",
      "resolved": "https://registry.npmjs.org/basic-auth/-/basic-auth-2.0.1.tgz",
      "integrity": "sha512-NF+epuEdnUYVlGuhaxbbq+dvJttwLnGY+YixlXlME5KpQ5W3CnXA5cVTneY3SPbPDRkcjMbifrwmFYcClgOZeg==",
      "dev": true,
      "requires": {
        "safe-buffer": "5.1.2"
      }
    },
    "call-bind": {
      "version": "1.0.2",
      "resolved": "https://registry.npmjs.org/call-bind/-/call-bind-1.0.2.tgz",
      "integrity": "sha512-7O+FbCihrB5WGbFYesctwmTKae6rOiIzmz1icreWJ+0aA7LJfuqhEso2T9ncpcFtzMQtzXf2QGGueWJGTYsqrA==",
      "dev": true,
      "requires": {
        "function-bind": "^1.1.1",
        "get-intrinsic": "^1.0.2"
      }
    },
    "colors": {
      "version": "1.4.0",
      "resolved": "https://registry.npmjs.org/colors/-/colors-1.4.0.tgz",
      "integrity": "sha512-a+UqTh4kgZg/SlGvfbzDHpgRu7AAQOmmqRHJnxhRZICKFUT91brVhNNt58CMWU9PsBbv3PDCZUHbVxuDiH2mtA==",
      "dev": true
    },
    "corser": {
      "version": "2.0.1",
      "resolved": "https://registry.npmjs.org/corser/-/corser-2.0.1.tgz",
      "integrity": "sha1-jtolLsqrWEDc2XXOuQ2TcMgZ/4c=",
      "dev": true
    },
    "debug": {
      "version": "3.2.7",
      "resolved": "https://registry.npmjs.org/debug/-/debug-3.2.7.tgz",
      "integrity": "sha512-CFjzYYAi4ThfiQvizrFQevTTXHtnCqWfe7x1AhgEscTz6ZbLbfoLRLPugTQyBth6f8ZERVUSyWHFD/7Wu4t1XQ==",
      "dev": true,
      "requires": {
        "ms": "^2.1.1"
      }
    },
    "estree-walker": {
      "version": "2.0.2",
      "resolved": "https://registry.npmjs.org/estree-walker/-/estree-walker-2.0.2.tgz",
      "integrity": "sha512-Rfkk/Mp/DL7JVje3u18FxFujQlTNR2q6QfMSMB7AvCBx91NGj/ba3kCfza0f6dVDbw7YlRf/nDrn7pQrCCyQ/w=="
    },
    "eventemitter3": {
      "version": "4.0.7",
      "resolved": "https://registry.npmjs.org/eventemitter3/-/eventemitter3-4.0.7.tgz",
      "integrity": "sha512-8guHBZCwKnFhYdHr2ysuRWErTwhoN2X8XELRlrRwpmfeY2jjuUN4taQMsULKUVo1K4DvZl+0pgfyoysHxvmvEw==",
      "dev": true
    },
    "follow-redirects": {
      "version": "1.14.6",
      "resolved": "https://registry.npmjs.org/follow-redirects/-/follow-redirects-1.14.6.tgz",
      "integrity": "sha512-fhUl5EwSJbbl8AR+uYL2KQDxLkdSjZGR36xy46AO7cOMTrCMON6Sa28FmAnC2tRTDbd/Uuzz3aJBv7EBN7JH8A==",
      "dev": true
    },
    "fsevents": {
      "version": "2.3.2",
      "resolved": "https://registry.npmjs.org/fsevents/-/fsevents-2.3.2.tgz",
      "integrity": "sha512-xiqMQR4xAeHTuB9uWm+fFRcIOgKBMiOBP+eXiyT7jsgVCq1bkVygt00oASowB7EdtpOHaaPgKt812P9ab+DDKA==",
      "optional": true,
      "peer": true
    },
    "function-bind": {
      "version": "1.1.1",
      "resolved": "https://registry.npmjs.org/function-bind/-/function-bind-1.1.1.tgz",
      "integrity": "sha512-yIovAzMX49sF8Yl58fSCWJ5svSLuaibPxXQJFLmBObTuCr0Mf1KiPopGM9NiFjiYBCbfaa2Fh6breQ6ANVTI0A==",
      "dev": true
    },
    "get-intrinsic": {
      "version": "1.1.1",
      "resolved": "https://registry.npmjs.org/get-intrinsic/-/get-intrinsic-1.1.1.tgz",
      "integrity": "sha512-kWZrnVM42QCiEA2Ig1bG8zjoIMOgxWwYCEeNdwY6Tv/cOSeGpcoX4pXHfKUxNKVoArnrEr2e9srnAxxGIraS9Q==",
      "dev": true,
      "requires": {
        "function-bind": "^1.1.1",
        "has": "^1.0.3",
        "has-symbols": "^1.0.1"
      }
    },
    "has": {
      "version": "1.0.3",
      "resolved": "https://registry.npmjs.org/has/-/has-1.0.3.tgz",
      "integrity": "sha512-f2dvO0VU6Oej7RkWJGrehjbzMAjFp5/VKPp5tTpWIV4JHHZK1/BxbFRtf/siA2SWTe09caDmVtYYzWEIbBS4zw==",
      "dev": true,
      "requires": {
        "function-bind": "^1.1.1"
      }
    },
    "has-symbols": {
      "version": "1.0.2",
      "resolved": "https://registry.npmjs.org/has-symbols/-/has-symbols-1.0.2.tgz",
      "integrity": "sha512-chXa79rL/UC2KlX17jo3vRGz0azaWEx5tGqZg5pO3NUyEJVB17dMruQlzCCOfUvElghKcm5194+BCRvi2Rv/Gw==",
      "dev": true
    },
    "he": {
      "version": "1.2.0",
      "resolved": "https://registry.npmjs.org/he/-/he-1.2.0.tgz",
      "integrity": "sha512-F/1DnUGPopORZi0ni+CvrCgHQ5FyEAHRLSApuYWMmrbSwoN2Mn/7k+Gl38gJnR7yyDZk6WLXwiGod1JOWNDKGw==",
      "dev": true
    },
    "html-encoding-sniffer": {
      "version": "3.0.0",
      "resolved": "https://registry.npmjs.org/html-encoding-sniffer/-/html-encoding-sniffer-3.0.0.tgz",
      "integrity": "sha512-oWv4T4yJ52iKrufjnyZPkrN0CH3QnrUqdB6In1g5Fe1mia8GmF36gnfNySxoZtxD5+NmYw1EElVXiBk93UeskA==",
      "dev": true,
      "requires": {
        "whatwg-encoding": "^2.0.0"
      }
    },
    "http-proxy": {
      "version": "1.18.1",
      "resolved": "https://registry.npmjs.org/http-proxy/-/http-proxy-1.18.1.tgz",
      "integrity": "sha512-7mz/721AbnJwIVbnaSv1Cz3Am0ZLT/UBwkC92VlxhXv/k/BBQfM2fXElQNC27BVGr0uwUpplYPQM9LnaBMR5NQ==",
      "dev": true,
      "requires": {
        "eventemitter3": "^4.0.0",
        "follow-redirects": "^1.0.0",
        "requires-port": "^1.0.0"
      }
    },
    "http-server": {
      "version": "14.0.0",
      "resolved": "https://registry.npmjs.org/http-server/-/http-server-14.0.0.tgz",
      "integrity": "sha512-XTePIXAo5x72bI8SlKFSqsg7UuSHwsOa4+RJIe56YeMUvfTvGDy7TxFkTEhfIRmM/Dnf6x29ut541ythSBZdkQ==",
      "dev": true,
      "requires": {
        "basic-auth": "^2.0.1",
        "colors": "^1.4.0",
        "corser": "^2.0.1",
        "he": "^1.2.0",
        "html-encoding-sniffer": "^3.0.0",
        "http-proxy": "^1.18.1",
        "mime": "^1.6.0",
        "minimist": "^1.2.5",
        "opener": "^1.5.1",
        "portfinder": "^1.0.28",
        "secure-compare": "3.0.1",
        "union": "~0.5.0",
        "url-join": "^4.0.1"
      }
    },
    "iconv-lite": {
      "version": "0.6.3",
      "resolved": "https://registry.npmjs.org/iconv-lite/-/iconv-lite-0.6.3.tgz",
      "integrity": "sha512-4fCk79wshMdzMp2rH06qWrJE4iolqLhCUH+OiuIgU++RB0+94NlDL81atO7GX55uUKueo0txHNtvEyI6D7WdMw==",
      "dev": true,
      "requires": {
        "safer-buffer": ">= 2.1.2 < 3.0.0"
      }
    },
    "js-cleanup": {
      "version": "1.2.0",
      "resolved": "https://registry.npmjs.org/js-cleanup/-/js-cleanup-1.2.0.tgz",
      "integrity": "sha512-JeDD0yiiSt80fXzAVa/crrS0JDPQljyBG/RpOtaSbyDq03VHa9szJWMaWOYU/bcTn412uMN2MxApXq8v79cUiQ==",
      "requires": {
        "magic-string": "^0.25.7",
        "perf-regexes": "^1.0.1",
        "skip-regex": "^1.0.2"
      }
    },
    "lodash": {
      "version": "4.17.21",
      "resolved": "https://registry.npmjs.org/lodash/-/lodash-4.17.21.tgz",
      "integrity": "sha512-v2kDEe57lecTulaDIuNTPy3Ry4gLGJ6Z1O3vE1krgXZNrsQ+LFTGHVxVjcXPs17LhbZVGedAJv8XZ1tvj5FvSg==",
      "dev": true
    },
    "magic-string": {
      "version": "0.25.7",
      "resolved": "https://registry.npmjs.org/magic-string/-/magic-string-0.25.7.tgz",
      "integrity": "sha512-4CrMT5DOHTDk4HYDlzmwu4FVCcIYI8gauveasrdCu2IKIFOJ3f0v/8MDGJCDL9oD2ppz/Av1b0Nj345H9M+XIA==",
      "requires": {
        "sourcemap-codec": "^1.4.4"
      }
    },
    "mime": {
      "version": "1.6.0",
      "resolved": "https://registry.npmjs.org/mime/-/mime-1.6.0.tgz",
      "integrity": "sha512-x0Vn8spI+wuJ1O6S7gnbaQg8Pxh4NNHb7KSINmEWKiPE4RKOplvijn+NkmYmmRgP68mc70j2EbeTFRsrswaQeg==",
      "dev": true
    },
    "mini-svg-data-uri": {
      "version": "1.4.3",
      "resolved": "https://registry.npmjs.org/mini-svg-data-uri/-/mini-svg-data-uri-1.4.3.tgz",
      "integrity": "sha512-gSfqpMRC8IxghvMcxzzmMnWpXAChSA+vy4cia33RgerMS8Fex95akUyQZPbxJJmeBGiGmK7n/1OpUX8ksRjIdA=="
    },
    "minimist": {
      "version": "1.2.5",
      "resolved": "https://registry.npmjs.org/minimist/-/minimist-1.2.5.tgz",
      "integrity": "sha512-FM9nNUYrRBAELZQT3xeZQ7fmMOBg6nWNmJKTcgsJeaLstP/UODVpGsr5OhXhhXg6f+qtJ8uiZ+PUxkDWcgIXLw==",
      "dev": true
    },
    "mkdirp": {
      "version": "0.5.5",
      "resolved": "https://registry.npmjs.org/mkdirp/-/mkdirp-0.5.5.tgz",
      "integrity": "sha512-NKmAlESf6jMGym1++R0Ra7wvhV+wFW63FaSOFPwRahvea0gMUcGUhVeAg/0BC0wiv9ih5NYPB1Wn1UEI1/L+xQ==",
      "dev": true,
      "requires": {
        "minimist": "^1.2.5"
      }
    },
    "ms": {
      "version": "2.1.3",
      "resolved": "https://registry.npmjs.org/ms/-/ms-2.1.3.tgz",
      "integrity": "sha512-6FlzubTLZG3J2a/NVCAleEhjzq5oxgHyaCU9yYXvcLsvoVaHJq/s5xXI6/XXP6tz7R9xAOtHnSO/tXtF3WRTlA==",
      "dev": true
    },
    "object-inspect": {
      "version": "1.11.1",
      "resolved": "https://registry.npmjs.org/object-inspect/-/object-inspect-1.11.1.tgz",
      "integrity": "sha512-If7BjFlpkzzBeV1cqgT3OSWT3azyoxDGajR+iGnFBfVV2EWyDyWaZZW2ERDjUaY2QM8i5jI3Sj7mhsM4DDAqWA==",
      "dev": true
    },
    "opener": {
      "version": "1.5.2",
      "resolved": "https://registry.npmjs.org/opener/-/opener-1.5.2.tgz",
      "integrity": "sha512-ur5UIdyw5Y7yEj9wLzhqXiy6GZ3Mwx0yGI+5sMn2r0N0v3cKJvUmFH5yPP+WXh9e0xfyzyJX95D8l088DNFj7A==",
      "dev": true
    },
    "perf-regexes": {
      "version": "1.0.1",
      "resolved": "https://registry.npmjs.org/perf-regexes/-/perf-regexes-1.0.1.tgz",
      "integrity": "sha512-L7MXxUDtqr4PUaLFCDCXBfGV/6KLIuSEccizDI7JxT+c9x1G1v04BQ4+4oag84SHaCdrBgQAIs/Cqn+flwFPng=="
    },
    "picomatch": {
      "version": "2.3.0",
      "resolved": "https://registry.npmjs.org/picomatch/-/picomatch-2.3.0.tgz",
      "integrity": "sha512-lY1Q/PiJGC2zOv/z391WOTD+Z02bCgsFfvxoXXf6h7kv9o+WmsmzYqrAwY63sNgOxE4xEdq0WyUnXfKeBrSvYw=="
    },
    "portfinder": {
      "version": "1.0.28",
      "resolved": "https://registry.npmjs.org/portfinder/-/portfinder-1.0.28.tgz",
      "integrity": "sha512-Se+2isanIcEqf2XMHjyUKskczxbPH7dQnlMjXX6+dybayyHvAf/TCgyMRlzf/B6QDhAEFOGes0pzRo3by4AbMA==",
      "dev": true,
      "requires": {
        "async": "^2.6.2",
        "debug": "^3.1.1",
        "mkdirp": "^0.5.5"
      }
    },
    "qs": {
      "version": "6.10.2",
      "resolved": "https://registry.npmjs.org/qs/-/qs-6.10.2.tgz",
      "integrity": "sha512-mSIdjzqznWgfd4pMii7sHtaYF8rx8861hBO80SraY5GT0XQibWZWJSid0avzHGkDIZLImux2S5mXO0Hfct2QCw==",
      "dev": true,
      "requires": {
        "side-channel": "^1.0.4"
      }
    },
    "requires-port": {
      "version": "1.0.0",
      "resolved": "https://registry.npmjs.org/requires-port/-/requires-port-1.0.0.tgz",
      "integrity": "sha1-kl0mAdOaxIXgkc8NpcbmlNw9yv8=",
      "dev": true
    },
    "rollup": {
      "version": "2.61.1",
      "resolved": "https://registry.npmjs.org/rollup/-/rollup-2.61.1.tgz",
      "integrity": "sha512-BbTXlEvB8d+XFbK/7E5doIcRtxWPRiqr0eb5vQ0+2paMM04Ye4PZY5nHOQef2ix24l/L0SpLd5hwcH15QHPdvA==",
      "peer": true,
      "requires": {
        "fsevents": "~2.3.2"
      }
    },
    "rollup-plugin-cleanup": {
      "version": "3.2.1",
      "resolved": "https://registry.npmjs.org/rollup-plugin-cleanup/-/rollup-plugin-cleanup-3.2.1.tgz",
      "integrity": "sha512-zuv8EhoO3TpnrU8MX8W7YxSbO4gmOR0ny06Lm3nkFfq0IVKdBUtHwhVzY1OAJyNCIAdLiyPnOrU0KnO0Fri1GQ==",
      "requires": {
        "js-cleanup": "^1.2.0",
        "rollup-pluginutils": "^2.8.2"
      }
    },
    "rollup-pluginutils": {
      "version": "2.8.2",
      "resolved": "https://registry.npmjs.org/rollup-pluginutils/-/rollup-pluginutils-2.8.2.tgz",
      "integrity": "sha512-EEp9NhnUkwY8aif6bxgovPHMoMoNr2FulJziTndpt5H9RdwC47GSGuII9XxpSdzVGM0GWrNPHV6ie1LTNJPaLQ==",
      "requires": {
        "estree-walker": "^0.6.1"
      },
      "dependencies": {
        "estree-walker": {
          "version": "0.6.1",
          "resolved": "https://registry.npmjs.org/estree-walker/-/estree-walker-0.6.1.tgz",
          "integrity": "sha512-SqmZANLWS0mnatqbSfRP5g8OXZC12Fgg1IwNtLsyHDzJizORW4khDfjPqJZsemPWBB2uqykUah5YpQ6epsqC/w=="
        }
      }
    },
    "safe-buffer": {
      "version": "5.1.2",
      "resolved": "https://registry.npmjs.org/safe-buffer/-/safe-buffer-5.1.2.tgz",
      "integrity": "sha512-Gd2UZBJDkXlY7GbJxfsE8/nvKkUEU1G38c1siN6QP6a9PT9MmHB8GnpscSmMJSoF8LOIrt8ud/wPtojys4G6+g==",
      "dev": true
    },
    "safer-buffer": {
      "version": "2.1.2",
      "resolved": "https://registry.npmjs.org/safer-buffer/-/safer-buffer-2.1.2.tgz",
      "integrity": "sha512-YZo3K82SD7Riyi0E1EQPojLz7kpepnSQI9IyPbHHg1XXXevb5dJI7tpyN2ADxGcQbHG7vcyRHk0cbwqcQriUtg==",
      "dev": true
    },
    "secure-compare": {
      "version": "3.0.1",
      "resolved": "https://registry.npmjs.org/secure-compare/-/secure-compare-3.0.1.tgz",
      "integrity": "sha1-8aAymzCLIh+uN7mXTz1XjQypmeM=",
      "dev": true
    },
    "side-channel": {
      "version": "1.0.4",
      "resolved": "https://registry.npmjs.org/side-channel/-/side-channel-1.0.4.tgz",
      "integrity": "sha512-q5XPytqFEIKHkGdiMIrY10mvLRvnQh42/+GoBlFW3b2LXLE2xxJpZFdm94we0BaoV3RwJyGqg5wS7epxTv0Zvw==",
      "dev": true,
      "requires": {
        "call-bind": "^1.0.0",
        "get-intrinsic": "^1.0.2",
        "object-inspect": "^1.9.0"
      }
    },
    "skip-regex": {
      "version": "1.0.2",
      "resolved": "https://registry.npmjs.org/skip-regex/-/skip-regex-1.0.2.tgz",
      "integrity": "sha512-pEjMUbwJ5Pl/6Vn6FsamXHXItJXSRftcibixDmNCWbWhic0hzHrwkMZo0IZ7fMRH9KxcWDFSkzhccB4285PutA=="
    },
    "sourcemap-codec": {
      "version": "1.4.8",
      "resolved": "https://registry.npmjs.org/sourcemap-codec/-/sourcemap-codec-1.4.8.tgz",
      "integrity": "sha512-9NykojV5Uih4lgo5So5dtw+f0JgJX30KCNI8gwhz2J9A15wD0Ml6tjHKwf6fTSa6fAdVBdZeNOs9eJ71qCk8vA=="
    },
    "union": {
      "version": "0.5.0",
      "resolved": "https://registry.npmjs.org/union/-/union-0.5.0.tgz",
      "integrity": "sha512-N6uOhuW6zO95P3Mel2I2zMsbsanvvtgn6jVqJv4vbVcz/JN0OkL9suomjQGmWtxJQXOCqUJvquc1sMeNz/IwlA==",
      "dev": true,
      "requires": {
        "qs": "^6.4.0"
      }
    },
    "url-join": {
      "version": "4.0.1",
      "resolved": "https://registry.npmjs.org/url-join/-/url-join-4.0.1.tgz",
      "integrity": "sha512-jk1+QP6ZJqyOiuEI9AEWQfju/nB2Pw466kbA0LEZljHwKeMgd9WrAEgEGxjPDD2+TNbbb37rTyhEfrCXfuKXnA==",
      "dev": true
    },
    "whatwg-encoding": {
      "version": "2.0.0",
      "resolved": "https://registry.npmjs.org/whatwg-encoding/-/whatwg-encoding-2.0.0.tgz",
      "integrity": "sha512-p41ogyeMUrw3jWclHWTQg1k05DSVXPLcVxRTYsXUk+ZooOCZLcoYgPZ/HL/D/N+uQPOtcp1me1WhBEaX02mhWg==",
      "dev": true,
      "requires": {
        "iconv-lite": "0.6.3"
      }
    }
  }
}
